
Microsoft Visual Studio Solution File, Format Version 12.00
# Visual Studio Version 17
VisualStudioVersion = 17.1.32414.318
MinimumVisualStudioVersion = 10.0.40219.1
Project("{FAE04EC0-301F-11D3-BF4B-00C04F79EFBC}") = "AnApp.Server", "AnApp\Server\AnApp.Server.csproj", "{6597D824-0F0E-4505-BBE5-35D1B7BBA84E}"
EndProject
Project("{FAE04EC0-301F-11D3-BF4B-00C04F79EFBC}") = "AnApp.Client", "AnApp\Client\AnApp.Client.csproj", "{8AEA8089-209B-43A2-9685-20B396A65AD4}"
EndProject
Project("{FAE04EC0-301F-11D3-BF4B-00C04F79EFBC}") = "AnApp.Shared", "AnApp\Shared\AnApp.Shared.csproj", "{995FECDB-E61E-42AC-A0F7-7A97EFAA18BF}"
EndProject
Global
	GlobalSection(SolutionConfigurationPlatforms) = preSolution
		Debug|Any CPU = Debug|Any CPU
		Release|Any CPU = Release|Any CPU
	EndGlobalSection
	GlobalSection(ProjectConfigurationPlatforms) = postSolution
		{6597D824-0F0E-4505-BBE5-35D1B7BBA84E}.Debug|Any CPU.ActiveCfg = Debug|Any CPU
		{6597D824-0F0E-4505-BBE5-35D1B7BBA84E}.Debug|Any CPU.Build.0 = Debug|Any CPU
		{6597D824-0F0E-4505-BBE5-35D1B7BBA84E}.Release|Any CPU.ActiveCfg = Release|Any CPU
		{6597D824-0F0E-4505-BBE5-35D1B7BBA84E}.Release|Any CPU.Build.0 = Release|Any CPU
		{8AEA8089-209B-43A2-9685-20B396A65AD4}.Debug|Any CPU.ActiveCfg = Debug|Any CPU
		{8AEA8089-209B-43A2-9685-20B396A65AD4}.Debug|Any CPU.Build.0 = Debug|Any CPU
		{8AEA8089-209B-43A2-9685-20B396A65AD4}.Release|Any CPU.ActiveCfg = Release|Any CPU
		{8AEA8089-209B-43A2-9685-20B396A65AD4}.Release|Any CPU.Build.0 = Release|Any CPU
		{995FECDB-E61E-42AC-A0F7-7A97EFAA18BF}.Debug|Any CPU.ActiveCfg = Debug|Any CPU
		{995FECDB-E61E-42AC-A0F7-7A97EFAA18BF}.Debug|Any CPU.Build.0 = Debug|Any CPU
		{995FECDB-E61E-42AC-A0F7-7A97EFAA18BF}.Release|Any CPU.ActiveCfg = Release|Any CPU
		{995FECDB-E61E-42AC-A0F7-7A97EFAA18BF}.Release|Any CPU.Build.0 = Release|Any CPU
	EndGlobalSection
	GlobalSection(SolutionProperties) = preSolution
		HideSolutionNode = FALSE
	EndGlobalSection
	GlobalSection(ExtensibilityGlobals) = postSolution
		SolutionGuid = {4D14CA37-227C-43DA-A44C-EF16208A6A97}
	EndGlobalSection
EndGlobal
